
Microsoft Visual Studio Solution File, Format Version 12.00
# Visual Studio Version 17
VisualStudioVersion = 17.11.35303.130
MinimumVisualStudioVersion = 10.0.40219.1
Project("{FAE04EC0-301F-11D3-BF4B-00C04F79EFBC}") = "LB4_AnimeTitlesApp", "LB4_AnimeTitlesApp\LB4_AnimeTitlesApp.csproj", "{C85299CF-78E5-471A-BEF5-1C8DF438014F}"
EndProject
Global
	GlobalSection(SolutionConfigurationPlatforms) = preSolution
		Debug|Any CPU = Debug|Any CPU
		Release|Any CPU = Release|Any CPU
	EndGlobalSection
	GlobalSection(ProjectConfigurationPlatforms) = postSolution
		{C85299CF-78E5-471A-BEF5-1C8DF438014F}.Debug|Any CPU.ActiveCfg = Debug|Any CPU
		{C85299CF-78E5-471A-BEF5-1C8DF438014F}.Debug|Any CPU.Build.0 = Debug|Any CPU
		{C85299CF-78E5-471A-BEF5-1C8DF438014F}.Release|Any CPU.ActiveCfg = Release|Any CPU
		{C85299CF-78E5-471A-BEF5-1C8DF438014F}.Release|Any CPU.Build.0 = Release|Any CPU
	EndGlobalSection
	GlobalSection(SolutionProperties) = preSolution
		HideSolutionNode = FALSE
	EndGlobalSection
	GlobalSection(ExtensibilityGlobals) = postSolution
		SolutionGuid = {F5F64C3E-C6C6-4338-B280-C47869EC9811}
	EndGlobalSection
EndGlobal
